
Microsoft Visual Studio Solution File, Format Version 12.00
# Visual Studio Version 17
VisualStudioVersion = 17.2.32516.85
MinimumVisualStudioVersion = 10.0.40219.1
Project("{FAE04EC0-301F-11D3-BF4B-00C04F79EFBC}") = "RoyalRefridgerationAndAirConditioning", "RoyalRefridgerationAndAirConditioning\RoyalRefridgerationAndAirConditioning.csproj", "{CBA7803F-0A75-4B3A-B913-3D41B0ED441A}"
EndProject
Global
	GlobalSection(SolutionConfigurationPlatforms) = preSolution
		Debug|Any CPU = Debug|Any CPU
		Release|Any CPU = Release|Any CPU
	EndGlobalSection
	GlobalSection(ProjectConfigurationPlatforms) = postSolution
		{CBA7803F-0A75-4B3A-B913-3D41B0ED441A}.Debug|Any CPU.ActiveCfg = Debug|Any CPU
		{CBA7803F-0A75-4B3A-B913-3D41B0ED441A}.Debug|Any CPU.Build.0 = Debug|Any CPU
		{CBA7803F-0A75-4B3A-B913-3D41B0ED441A}.Release|Any CPU.ActiveCfg = Release|Any CPU
		{CBA7803F-0A75-4B3A-B913-3D41B0ED441A}.Release|Any CPU.Build.0 = Release|Any CPU
	EndGlobalSection
	GlobalSection(SolutionProperties) = preSolution
		HideSolutionNode = FALSE
	EndGlobalSection
	GlobalSection(ExtensibilityGlobals) = postSolution
		SolutionGuid = {E60F0733-5F5B-4E6C-9E36-5CB12F4F46FF}
	EndGlobalSection
EndGlobal
